github.com/nunocoracao/blowfish v1.9.0 h1:DqTrybi9CtG6HzCDMsDdzkVxVCjDaE6z1Ebj4OBykV8=
github.com/nunocoracao/blowfish v1.9.0/go.mod h1:a+x71NKypnAynVrKYncF4jMagrvWjOdacVpA9RJh2UA=
github.com/nunocoracao/blowfish/v2 v2.31.3 h1:LJiiypMHW8pJ4tnO38rFrViVqEVQL+HZ7EC6jNtvGFE=
github.com/nunocoracao/blowfish/v2 v2.31.3/go.mod h1:4SkMc+Ht8gpQCwArqiHMBDP3soxi2OWuAhVney+cuyk=
github.com/nunocoracao/blowfish/v2 v2.32.0/go.mod h1:4SkMc+Ht8gpQCwArqiHMBDP3soxi2OWuAhVney+cuyk=
github.com/nunocoracao/blowfish/v2 v2.32.1/go.mod h1:4SkMc+Ht8gpQCwArqiHMBDP3soxi2OWuAhVney+cuyk=
github.com/nunocoracao/blowfish/v2 v2.33.0/go.mod h1:4SkMc+Ht8gpQCwArqiHMBDP3soxi2OWuAhVney+cuyk=
github.com/nunocoracao/blowfish/v2 v2.33.1/go.mod h1:4SkMc+Ht8gpQCwArqiHMBDP3soxi2OWuAhVney+cuyk=
github.com/nunocoracao/blowfish/v2 v2.33.2/go.mod h1:4SkMc+Ht8gpQCwArqiHMBDP3soxi2OWuAhVney+cuyk=
github.com/nunocoracao/blowfish/v2 v2.34.0/go.mod h1:4SkMc+Ht8gpQCwArqiHMBDP3soxi2OWuAhVney+cuyk=
github.com/nunocoracao/blowfish/v2 v2.34.1/go.mod h1:4SkMc+Ht8gpQCwArqiHMBDP3soxi2OWuAhVney+cuyk=
github.com/nunocoracao/blowfish/v2 v2.34.2/go.mod h1:4SkMc+Ht8gpQCwArqiHMBDP3soxi2OWuAhVney+cuyk=
github.com/nunocoracao/blowfish/v2 v2.35.0/go.mod h1:4SkMc+Ht8gpQCwArqiHMBDP3soxi2OWuAhVney+cuyk=
github.com/nunocoracao/blowfish/v2 v2.35.1 h1:c6r/UcQJ1biByWq2XVyvKoFBPgMrO/qCtk/Y9Utsyj4=
github.com/nunocoracao/blowfish/v2 v2.35.1/go.mod h1:4SkMc+Ht8gpQCwArqiHMBDP3soxi2OWuAhVney+cuyk=
github.com/nunocoracao/blowfish/v2 v2.40.1/go.mod h1:4SkMc+Ht8gpQCwArqiHMBDP3soxi2OWuAhVney+cuyk=
github.com/nunocoracao/blowfish/v2 v2.43.0/go.mod h1:4SkMc+Ht8gpQCwArqiHMBDP3soxi2OWuAhVney+cuyk=
github.com/nunocoracao/blowfish/v2 v2.43.1/go.mod h1:4SkMc+Ht8gpQCwArqiHMBDP3soxi2OWuAhVney+cuyk=
github.com/nunocoracao/blowfish/v2 v2.44.0/go.mod h1:4SkMc+Ht8gpQCwArqiHMBDP3soxi2OWuAhVney+cuyk=
github.com/nunocoracao/blowfish/v2 v2.45.0/go.mod h1:4SkMc+Ht8gpQCwArqiHMBDP3soxi2OWuAhVney+cuyk=
github.com/nunocoracao/blowfish/v2 v2.46.0/go.mod h1:4SkMc+Ht8gpQCwArqiHMBDP3soxi2OWuAhVney+cuyk=
github.com/nunocoracao/blowfish/v2 v2.47.2/go.mod h1:4SkMc+Ht8gpQCwArqiHMBDP3soxi2OWuAhVney+cuyk=
github.com/nunocoracao/blowfish/v2 v2.48.0/go.mod h1:4SkMc+Ht8gpQCwArqiHMBDP3soxi2OWuAhVney+cuyk=
github.com/nunocoracao/blowfish/v2 v2.49.1/go.mod h1:4SkMc+Ht8gpQCwArqiHMBDP3soxi2OWuAhVney+cuyk=
github.com/nunocoracao/blowfish/v2 v2.50.0/go.mod h1:4SkMc+Ht8gpQCwArqiHMBDP3soxi2OWuAhVney+cuyk=
github.com/nunocoracao/blowfish/v2 v2.51.0/go.mod h1:4SkMc+Ht8gpQCwArqiHMBDP3soxi2OWuAhVney+cuyk=
github.com/nunocoracao/blowfish/v2 v2.52.0/go.mod h1:4SkMc+Ht8gpQCwArqiHMBDP3soxi2OWuAhVney+cuyk=
github.com/nunocoracao/blowfish/v2 v2.53.0/go.mod h1:4SkMc+Ht8gpQCwArqiHMBDP3soxi2OWuAhVney+cuyk=
